
Microsoft Visual Studio Solution File, Format Version 12.00
# Visual Studio Version 16
VisualStudioVersion = 16.0.29424.173
MinimumVisualStudioVersion = 10.0.40219.1
Project("{FAE04EC0-301F-11D3-BF4B-00C04F79EFBC}") = "Gu.Wpf.ValidationScope", "Gu.Wpf.ValidationScope\Gu.Wpf.ValidationScope.csproj", "{E531C062-2EAC-4FFD-A523-FBEF8C0D8D41}"
EndProject
Project("{FAE04EC0-301F-11D3-BF4B-00C04F79EFBC}") = "Gu.Wpf.ValidationScope.Demo", "Gu.Wpf.ValidationScope.Demo\Gu.Wpf.ValidationScope.Demo.csproj", "{5C889308-2F33-44BA-856F-6EF3DFC269B1}"
EndProject
Project("{2150E333-8FDC-42A3-9474-1A3956D46DE8}") = ".paket", ".paket", "{2FAF8740-9A52-4300-8C32-7B59CB13E4F1}"
	ProjectSection(SolutionItems) = preProject
		.editorconfig = .editorconfig
		.gitignore = .gitignore
		appveyor.yml = appveyor.yml
		azure-pipelines.yml = azure-pipelines.yml
		paket.dependencies = paket.dependencies
		paket.lock = paket.lock
		.paket\paket.targets = .paket\paket.targets
		.paket\Readme.paket.md = .paket\Readme.paket.md
		Settings.XamlStyler = Settings.XamlStyler
	EndProjectSection
EndProject
Project("{9A19103F-16F7-4668-BE54-9A1E7A4F7556}") = "Gu.Wpf.ValidationScope.Tests", "Gu.Wpf.ValidationScope.Tests\Gu.Wpf.ValidationScope.Tests.csproj", "{1A62002D-E128-4FFB-8993-7E4F7CA9F3DC}"
EndProject
Project("{9A19103F-16F7-4668-BE54-9A1E7A4F7556}") = "Gu.Wpf.ValidationScope.UiTests", "Gu.Wpf.ValidationScope.UiTests\Gu.Wpf.ValidationScope.UiTests.csproj", "{8EC27BEE-0BEF-4F2D-8A55-CF8C89D4C1DA}"
EndProject
Project("{2150E333-8FDC-42A3-9474-1A3956D46DE8}") = ".docs", ".docs", "{DD13B5BD-6A81-46A0-8295-72EFB69AD0CB}"
	ProjectSection(SolutionItems) = preProject
		LICENSE.md = LICENSE.md
		README.md = README.md
		.paket\Readme.paket.md = .paket\Readme.paket.md
		RELEASE_NOTES.md = RELEASE_NOTES.md
	EndProjectSection
EndProject
Global
	GlobalSection(SolutionConfigurationPlatforms) = preSolution
		Debug|Any CPU = Debug|Any CPU
		Release|Any CPU = Release|Any CPU
	EndGlobalSection
	GlobalSection(ProjectConfigurationPlatforms) = postSolution
		{E531C062-2EAC-4FFD-A523-FBEF8C0D8D41}.Debug|Any CPU.ActiveCfg = Debug|Any CPU
		{E531C062-2EAC-4FFD-A523-FBEF8C0D8D41}.Debug|Any CPU.Build.0 = Debug|Any CPU
		{E531C062-2EAC-4FFD-A523-FBEF8C0D8D41}.Release|Any CPU.ActiveCfg = Release|Any CPU
		{E531C062-2EAC-4FFD-A523-FBEF8C0D8D41}.Release|Any CPU.Build.0 = Release|Any CPU
		{5C889308-2F33-44BA-856F-6EF3DFC269B1}.Debug|Any CPU.ActiveCfg = Debug|Any CPU
		{5C889308-2F33-44BA-856F-6EF3DFC269B1}.Debug|Any CPU.Build.0 = Debug|Any CPU
		{5C889308-2F33-44BA-856F-6EF3DFC269B1}.Release|Any CPU.ActiveCfg = Release|Any CPU
		{5C889308-2F33-44BA-856F-6EF3DFC269B1}.Release|Any CPU.Build.0 = Release|Any CPU
		{1A62002D-E128-4FFB-8993-7E4F7CA9F3DC}.Debug|Any CPU.ActiveCfg = Debug|Any CPU
		{1A62002D-E128-4FFB-8993-7E4F7CA9F3DC}.Debug|Any CPU.Build.0 = Debug|Any CPU
		{1A62002D-E128-4FFB-8993-7E4F7CA9F3DC}.Release|Any CPU.ActiveCfg = Release|Any CPU
		{1A62002D-E128-4FFB-8993-7E4F7CA9F3DC}.Release|Any CPU.Build.0 = Release|Any CPU
		{8EC27BEE-0BEF-4F2D-8A55-CF8C89D4C1DA}.Debug|Any CPU.ActiveCfg = Debug|Any CPU
		{8EC27BEE-0BEF-4F2D-8A55-CF8C89D4C1DA}.Debug|Any CPU.Build.0 = Debug|Any CPU
		{8EC27BEE-0BEF-4F2D-8A55-CF8C89D4C1DA}.Release|Any CPU.ActiveCfg = Release|Any CPU
		{8EC27BEE-0BEF-4F2D-8A55-CF8C89D4C1DA}.Release|Any CPU.Build.0 = Release|Any CPU
	EndGlobalSection
	GlobalSection(SolutionProperties) = preSolution
		HideSolutionNode = FALSE
	EndGlobalSection
	GlobalSection(ExtensibilityGlobals) = postSolution
		SolutionGuid = {24B8458F-4C27-4E10-A216-EC0B6C68F28D}
	EndGlobalSection
EndGlobal
